version: 2.0
shards:
  crsfml:
    git: https://github.com/oprypin/crsfml.git
    version: 2.5.2

  envy:
    git: https://github.com/grottopress/envy.git
    version: 0.3.0

  imgui:
    git: https://github.com/oprypin/crystal-imgui.git
    version: 0.1.0+git.commit.caddaba8bb93d16aa76dfe0212aea290e8126f8c

  imgui-sfml:
    git: https://github.com/oprypin/crystal-imgui-sfml.git
    version: 2.1.0+git.commit.3b46a09ff099116115820f011e5b399745d28eba

  nbt:
    git: https://gitlab.com/rymiel/nbt.git
    version: 0.1.0+git.commit.03fcb7bb0f5382ace88e5309a1f1a99e7cd617c0

  openssl_ext:
    git: https://github.com/spider-gazelle/openssl_ext.git
    version: 2.1.5+git.commit.a6d023921da7cdc15c04c4dc835f6c92ee15b0c3

  shatter-chat:
    git: https://gitlab.com/rymiel/shatter-chat.git
    version: 0.4.1+git.commit.462c6a251ee311921a5d45c5b9caa2f075ae7990

