version: 2.0
shards:
  envy:
    git: https://github.com/grottopress/envy.git
    version: 0.3.0

  nbt:
    git: https://gitlab.com/rymiel/nbt.git
    version: 0.1.0+git.commit.03fcb7bb0f5382ace88e5309a1f1a99e7cd617c0

  openssl_ext:
    git: https://github.com/spider-gazelle/openssl_ext.git
    version: 2.1.5+git.commit.a6d023921da7cdc15c04c4dc835f6c92ee15b0c3

  sentry:
    git: https://github.com/samueleaton/sentry.git
    version: 0.3.2+git.commit.cd86128f94567594da9ddff78cc428c697754d88

  shatter-chat:
    git: https://gitlab.com/rymiel/shatter-chat.git
    version: 0.5.1+git.commit.2562ac25e6ddbf68692aea210ad756f3de6c967b

